{
  "name": "testtheaudio",
  "version": "1.0.0",
  "lockfileVersion": 2,
  "requires": true,
  "packages": {
    "": {
      "name": "testtheaudio",
      "version": "1.0.0",
      "license": "ISC",
      "dependencies": {
        "react-media-recorder": "^1.6.6"
      }
    },
    "node_modules/@babel/runtime": {
      "version": "7.20.6",
      "resolved": "https://registry.npmjs.org/@babel/runtime/-/runtime-7.20.6.tgz",
      "integrity": "sha512-Q+8MqP7TiHMWzSfwiJwXCjyf4GYA4Dgw3emg/7xmwsdLJOZUp+nMqcOwOzzYheuM1rhDu8FSj2l0aoMygEuXuA==",
      "dependencies": {
        "regenerator-runtime": "^0.13.11"
      },
      "engines": {
        "node": ">=6.9.0"
      }
    },
    "node_modules/automation-events": {
      "version": "4.0.25",
      "resolved": "https://registry.npmjs.org/automation-events/-/automation-events-4.0.25.tgz",
      "integrity": "sha512-er1qdVevDNfZIQt18B31GyVX/D98tI0ztZ3z/VU6PBT0hTF8Emodl8e452k2VYdoiSTvDk0xaah7MC7AfoaZfA==",
      "dependencies": {
        "@babel/runtime": "^7.20.6",
        "tslib": "^2.4.1"
      },
      "engines": {
        "node": ">=12.20.1"
      }
    },
    "node_modules/broker-factory": {
      "version": "3.0.72",
      "resolved": "https://registry.npmjs.org/broker-factory/-/broker-factory-3.0.72.tgz",
      "integrity": "sha512-HKfvpDigt19ZesuJfmC2Nlo1pV1+bGynPvF5lwPRaOl6+itfrxZx6ElsF64at2ErkiF6Ym4Oc8Xd6G6Ko0S4oQ==",
      "dependencies": {
        "@babel/runtime": "^7.20.6",
        "fast-unique-numbers": "^6.0.25",
        "tslib": "^2.4.1",
        "worker-factory": "^6.0.73"
      }
    },
    "node_modules/compilerr": {
      "version": "9.0.25",
      "resolved": "https://registry.npmjs.org/compilerr/-/compilerr-9.0.25.tgz",
      "integrity": "sha512-gtKUxVDgt7LCthVvYU3XSZ5sN5u/7PNwEjmZgT6Tu+9w2tzVPZ6Y5k8BaV+IaNU9ZTs7WAF61YDExs4178P9EQ==",
      "dependencies": {
        "@babel/runtime": "^7.20.6",
        "dashify": "^2.0.0",
        "indefinite-article": "0.0.2",
        "tslib": "^2.4.1"
      },
      "engines": {
        "node": ">=12.20.1"
      }
    },
    "node_modules/dashify": {
      "version": "2.0.0",
      "resolved": "https://registry.npmjs.org/dashify/-/dashify-2.0.0.tgz",
      "integrity": "sha512-hpA5C/YrPjucXypHPPc0oJ1l9Hf6wWbiOL7Ik42cxnsUOhWiCB/fylKbKqqJalW9FgkNQCw16YO8uW9Hs0Iy1A==",
      "engines": {
        "node": ">=4"
      }
    },
    "node_modules/extendable-media-recorder": {
      "version": "6.6.10",
      "resolved": "https://registry.npmjs.org/extendable-media-recorder/-/extendable-media-recorder-6.6.10.tgz",
      "integrity": "sha512-gnSmLqDFq40ZdbGfuarnMLNqYPLCPpPr0p21V+g67wG4Pv2oCc/ga8sfsZrEM5GywEi7FcpyRm3z99JWZ/0aPw==",
      "dependencies": {
        "@babel/runtime": "^7.18.9",
        "media-encoder-host": "^8.0.76",
        "multi-buffer-data-view": "^3.0.20",
        "recorder-audio-worklet": "^5.1.26",
        "standardized-audio-context": "^25.3.29",
        "subscribable-things": "^2.1.6",
        "tslib": "^2.4.0"
      }
    },
    "node_modules/extendable-media-recorder-wav-encoder": {
      "version": "7.0.80",
      "resolved": "https://registry.npmjs.org/extendable-media-recorder-wav-encoder/-/extendable-media-recorder-wav-encoder-7.0.80.tgz",
      "integrity": "sha512-n1NYtDZpAkkYSgrV/g3EQQkTNjaUnbyo8wsEHDAS6132USxuv12QBITF0B3P+Nx+aaqOzZynCA3cAlUBIvE99g==",
      "dependencies": {
        "@babel/runtime": "^7.20.6",
        "extendable-media-recorder-wav-encoder-broker": "^7.0.74",
        "extendable-media-recorder-wav-encoder-worker": "^8.0.73",
        "tslib": "^2.4.1"
      }
    },
    "node_modules/extendable-media-recorder-wav-encoder-broker": {
      "version": "7.0.74",
      "resolved": "https://registry.npmjs.org/extendable-media-recorder-wav-encoder-broker/-/extendable-media-recorder-wav-encoder-broker-7.0.74.tgz",
      "integrity": "sha512-iZ3v8redR+Z9NLqbCsvhYU3pEif2B4E4GT3esvbuZ9RA7/kwjiltgq6XpIH/fG8mzC/9yzZ0rXCLTlrVJeARkA==",
      "dependencies": {
        "@babel/runtime": "^7.20.6",
        "broker-factory": "^3.0.72",
        "extendable-media-recorder-wav-encoder-worker": "^8.0.73",
        "tslib": "^2.4.1"
      }
    },
    "node_modules/extendable-media-recorder-wav-encoder-worker": {
      "version": "8.0.73",
      "resolved": "https://registry.npmjs.org/extendable-media-recorder-wav-encoder-worker/-/extendable-media-recorder-wav-encoder-worker-8.0.73.tgz",
      "integrity": "sha512-8M7JB4ttHFCqUsf6l6kEl01BoI8v8mCjCOTLmHudQ2HLdL3EEFGaCptN357NDkgQbdEMPooN8KRIUelPYEkMiA==",
      "dependencies": {
        "@babel/runtime": "^7.20.6",
        "tslib": "^2.4.1",
        "worker-factory": "^6.0.73"
      }
    },
    "node_modules/fast-unique-numbers": {
      "version": "6.0.25",
      "resolved": "https://registry.npmjs.org/fast-unique-numbers/-/fast-unique-numbers-6.0.25.tgz",
      "integrity": "sha512-H9tmI58i2VEyreK3VhCQaSAyUN733LMzhXnOcdxVWVaQIFWtoaM9pORi7h9DUgRPx6DiyvXiSb1v8MqBcfiPhg==",
      "dependencies": {
        "@babel/runtime": "^7.20.6",
        "tslib": "^2.4.1"
      },
      "engines": {
        "node": ">=12.20.1"
      }
    },
    "node_modules/indefinite-article": {
      "version": "0.0.2",
      "resolved": "https://registry.npmjs.org/indefinite-article/-/indefinite-article-0.0.2.tgz",
      "integrity": "sha512-Au/2XzRkvxq2J6w5uvSSbBKPZ5kzINx5F2wb0SF8xpRL8BP9Lav81TnRbfPp6p+SYjYxwaaLn4EUwI3/MmYKSw=="
    },
    "node_modules/media-encoder-host": {
      "version": "8.0.82",
      "resolved": "https://registry.npmjs.org/media-encoder-host/-/media-encoder-host-8.0.82.tgz",
      "integrity": "sha512-wuHc9nve+VE9DInB+W1JGFNFyv6tkPS6dGvTf2mKCJs28aX2WhpEpubq87m8MQAZoMkUsbmLPSm3d1wqsDd7Sw==",
      "dependencies": {
        "@babel/runtime": "^7.20.6",
        "media-encoder-host-broker": "^7.0.74",
        "media-encoder-host-worker": "^9.0.74",
        "tslib": "^2.4.1"
      }
    },
    "node_modules/media-encoder-host-broker": {
      "version": "7.0.74",
      "resolved": "https://registry.npmjs.org/media-encoder-host-broker/-/media-encoder-host-broker-7.0.74.tgz",
      "integrity": "sha512-r1WlGo9ztAxoRNNAGO5KCbaJ2J870SdJLDkzsSRlGnhZeVAhM7SYqEiBXf5KFEp+wqQF4FOUf9Pvud1KPqN0Lw==",
      "dependencies": {
        "@babel/runtime": "^7.20.6",
        "broker-factory": "^3.0.72",
        "fast-unique-numbers": "^6.0.25",
        "media-encoder-host-worker": "^9.0.74",
        "tslib": "^2.4.1"
      }
    },
    "node_modules/media-encoder-host-worker": {
      "version": "9.0.74",
      "resolved": "https://registry.npmjs.org/media-encoder-host-worker/-/media-encoder-host-worker-9.0.74.tgz",
      "integrity": "sha512-XQ22w1URKnmKAKupHavNCJtQbjDQRv5ChLK27FnfMntcIn1hlF2DL5b1J1I7M+kYCCtU6GD1eOtonL3m4LCSzw==",
      "dependencies": {
        "@babel/runtime": "^7.20.6",
        "extendable-media-recorder-wav-encoder-broker": "^7.0.74",
        "tslib": "^2.4.1",
        "worker-factory": "^6.0.73"
      }
    },
    "node_modules/multi-buffer-data-view": {
      "version": "3.0.24",
      "resolved": "https://registry.npmjs.org/multi-buffer-data-view/-/multi-buffer-data-view-3.0.24.tgz",
      "integrity": "sha512-jm7Ycplx37ExXyQmqhwl7zfQmAj81y5LLzVx0XyWea4omP9W/xJhLEHs/5b+WojGyYSRt8BHiXZVcYzu68Ma0Q==",
      "dependencies": {
        "@babel/runtime": "^7.20.6",
        "tslib": "^2.4.1"
      },
      "engines": {
        "node": ">=12.20.1"
      }
    },
    "node_modules/react-media-recorder": {
      "version": "1.6.6",
      "resolved": "https://registry.npmjs.org/react-media-recorder/-/react-media-recorder-1.6.6.tgz",
      "integrity": "sha512-VdC4bUINMWJyqOAHw1DaZ8HZhdCyVBK85zJ4cHMo9tsrekui3wq5ZxNtBmNe6nbAFQBTNj/pRnLEsiVrCW+TNQ==",
      "dependencies": {
        "extendable-media-recorder": "^6.6.5",
        "extendable-media-recorder-wav-encoder": "^7.0.68"
      }
    },
    "node_modules/recorder-audio-worklet": {
      "version": "5.1.34",
      "resolved": "https://registry.npmjs.org/recorder-audio-worklet/-/recorder-audio-worklet-5.1.34.tgz",
      "integrity": "sha512-7nP2Xv7e8WpJ5qFYPw+Jwv5Xwz2CT39esFnrWWBaATrtiD6/gMmu7++ZTqjeI3v7VVewPiUMUIs9y6kj1sLbfw==",
      "dependencies": {
        "@babel/runtime": "^7.20.6",
        "broker-factory": "^3.0.72",
        "fast-unique-numbers": "^6.0.25",
        "recorder-audio-worklet-processor": "^4.2.18",
        "standardized-audio-context": "^25.3.36",
        "subscribable-things": "^2.1.11",
        "tslib": "^2.4.1",
        "worker-factory": "^6.0.73"
      }
    },
    "node_modules/recorder-audio-worklet-processor": {
      "version": "4.2.18",
      "resolved": "https://registry.npmjs.org/recorder-audio-worklet-processor/-/recorder-audio-worklet-processor-4.2.18.tgz",
      "integrity": "sha512-rL4WErQfKGlFL5Zk1g6G92sNEciumGEKcsObmQJ3Nqt9RXvud72LFpW+OjzmT5dafUwtT4gPnD/5YngqIQe67w==",
      "dependencies": {
        "@babel/runtime": "^7.20.6",
        "tslib": "^2.4.1"
      }
    },
    "node_modules/regenerator-runtime": {
      "version": "0.13.11",
      "resolved": "https://registry.npmjs.org/regenerator-runtime/-/regenerator-runtime-0.13.11.tgz",
      "integrity": "sha512-kY1AZVr2Ra+t+piVaJ4gxaFaReZVH40AKNo7UCX6W+dEwBo/2oZJzqfuN1qLq1oL45o56cPaTXELwrTh8Fpggg=="
    },
    "node_modules/rxjs-interop": {
      "version": "2.0.0",
      "resolved": "https://registry.npmjs.org/rxjs-interop/-/rxjs-interop-2.0.0.tgz",
      "integrity": "sha512-ASEq9atUw7lualXB+knvgtvwkCEvGWV2gDD/8qnASzBkzEARZck9JAyxmY8OS6Nc1pCPEgDTKNcx+YqqYfzArw=="
    },
    "node_modules/standardized-audio-context": {
      "version": "25.3.36",
      "resolved": "https://registry.npmjs.org/standardized-audio-context/-/standardized-audio-context-25.3.36.tgz",
      "integrity": "sha512-I3+jpIQP2PdGDrAx9Cf4/atC92PbJt+ejLUA/mwBx3OgyEStKC57D/wTce2K3PeJBbXJ0w//I99PZTBJrpxg/A==",
      "dependencies": {
        "@babel/runtime": "^7.20.6",
        "automation-events": "^4.0.25",
        "tslib": "^2.4.1"
      }
    },
    "node_modules/subscribable-things": {
      "version": "2.1.11",
      "resolved": "https://registry.npmjs.org/subscribable-things/-/subscribable-things-2.1.11.tgz",
      "integrity": "sha512-Bxjb818jzmbUyq1Kq+yGma1xPYJnTAPksJKd7nEbth2teMgQUnah4FOMhpjfonp1k5WASd/JwzXn3OhvqYQnbQ==",
      "dependencies": {
        "@babel/runtime": "^7.20.6",
        "rxjs-interop": "^2.0.0",
        "tslib": "^2.4.1"
      }
    },
    "node_modules/tslib": {
      "version": "2.4.1",
      "resolved": "https://registry.npmjs.org/tslib/-/tslib-2.4.1.tgz",
      "integrity": "sha512-tGyy4dAjRIEwI7BzsB0lynWgOpfqjUdq91XXAlIWD2OwKBH7oCl/GZG/HT4BOHrTlPMOASlMQ7veyTqpmRcrNA=="
    },
    "node_modules/worker-factory": {
      "version": "6.0.73",
      "resolved": "https://registry.npmjs.org/worker-factory/-/worker-factory-6.0.73.tgz",
      "integrity": "sha512-DSUmbHD1R7sdGTPcTooSQWN9q+vZnj4Axn6s9bel9xBqilLtnnHxfm/IrwyS06FV11v7NSkSh+0Wfsv4sWHbow==",
      "dependencies": {
        "@babel/runtime": "^7.20.6",
        "compilerr": "^9.0.25",
        "fast-unique-numbers": "^6.0.25",
        "tslib": "^2.4.1"
      }
    }
  },
  "dependencies": {
    "@babel/runtime": {
      "version": "7.20.6",
      "resolved": "https://registry.npmjs.org/@babel/runtime/-/runtime-7.20.6.tgz",
      "integrity": "sha512-Q+8MqP7TiHMWzSfwiJwXCjyf4GYA4Dgw3emg/7xmwsdLJOZUp+nMqcOwOzzYheuM1rhDu8FSj2l0aoMygEuXuA==",
      "requires": {
        "regenerator-runtime": "^0.13.11"
      }
    },
    "automation-events": {
      "version": "4.0.25",
      "resolved": "https://registry.npmjs.org/automation-events/-/automation-events-4.0.25.tgz",
      "integrity": "sha512-er1qdVevDNfZIQt18B31GyVX/D98tI0ztZ3z/VU6PBT0hTF8Emodl8e452k2VYdoiSTvDk0xaah7MC7AfoaZfA==",
      "requires": {
        "@babel/runtime": "^7.20.6",
        "tslib": "^2.4.1"
      }
    },
    "broker-factory": {
      "version": "3.0.72",
      "resolved": "https://registry.npmjs.org/broker-factory/-/broker-factory-3.0.72.tgz",
      "integrity": "sha512-HKfvpDigt19ZesuJfmC2Nlo1pV1+bGynPvF5lwPRaOl6+itfrxZx6ElsF64at2ErkiF6Ym4Oc8Xd6G6Ko0S4oQ==",
      "requires": {
        "@babel/runtime": "^7.20.6",
        "fast-unique-numbers": "^6.0.25",
        "tslib": "^2.4.1",
        "worker-factory": "^6.0.73"
      }
    },
    "compilerr": {
      "version": "9.0.25",
      "resolved": "https://registry.npmjs.org/compilerr/-/compilerr-9.0.25.tgz",
      "integrity": "sha512-gtKUxVDgt7LCthVvYU3XSZ5sN5u/7PNwEjmZgT6Tu+9w2tzVPZ6Y5k8BaV+IaNU9ZTs7WAF61YDExs4178P9EQ==",
      "requires": {
        "@babel/runtime": "^7.20.6",
        "dashify": "^2.0.0",
        "indefinite-article": "0.0.2",
        "tslib": "^2.4.1"
      }
    },
    "dashify": {
      "version": "2.0.0",
      "resolved": "https://registry.npmjs.org/dashify/-/dashify-2.0.0.tgz",
      "integrity": "sha512-hpA5C/YrPjucXypHPPc0oJ1l9Hf6wWbiOL7Ik42cxnsUOhWiCB/fylKbKqqJalW9FgkNQCw16YO8uW9Hs0Iy1A=="
    },
    "extendable-media-recorder": {
      "version": "6.6.10",
      "resolved": "https://registry.npmjs.org/extendable-media-recorder/-/extendable-media-recorder-6.6.10.tgz",
      "integrity": "sha512-gnSmLqDFq40ZdbGfuarnMLNqYPLCPpPr0p21V+g67wG4Pv2oCc/ga8sfsZrEM5GywEi7FcpyRm3z99JWZ/0aPw==",
      "requires": {
        "@babel/runtime": "^7.18.9",
        "media-encoder-host": "^8.0.76",
        "multi-buffer-data-view": "^3.0.20",
        "recorder-audio-worklet": "^5.1.26",
        "standardized-audio-context": "^25.3.29",
        "subscribable-things": "^2.1.6",
        "tslib": "^2.4.0"
      }
    },
    "extendable-media-recorder-wav-encoder": {
      "version": "7.0.80",
      "resolved": "https://registry.npmjs.org/extendable-media-recorder-wav-encoder/-/extendable-media-recorder-wav-encoder-7.0.80.tgz",
      "integrity": "sha512-n1NYtDZpAkkYSgrV/g3EQQkTNjaUnbyo8wsEHDAS6132USxuv12QBITF0B3P+Nx+aaqOzZynCA3cAlUBIvE99g==",
      "requires": {
        "@babel/runtime": "^7.20.6",
        "extendable-media-recorder-wav-encoder-broker": "^7.0.74",
        "extendable-media-recorder-wav-encoder-worker": "^8.0.73",
        "tslib": "^2.4.1"
      }
    },
    "extendable-media-recorder-wav-encoder-broker": {
      "version": "7.0.74",
      "resolved": "https://registry.npmjs.org/extendable-media-recorder-wav-encoder-broker/-/extendable-media-recorder-wav-encoder-broker-7.0.74.tgz",
      "integrity": "sha512-iZ3v8redR+Z9NLqbCsvhYU3pEif2B4E4GT3esvbuZ9RA7/kwjiltgq6XpIH/fG8mzC/9yzZ0rXCLTlrVJeARkA==",
      "requires": {
        "@babel/runtime": "^7.20.6",
        "broker-factory": "^3.0.72",
        "extendable-media-recorder-wav-encoder-worker": "^8.0.73",
        "tslib": "^2.4.1"
      }
    },
    "extendable-media-recorder-wav-encoder-worker": {
      "version": "8.0.73",
      "resolved": "https://registry.npmjs.org/extendable-media-recorder-wav-encoder-worker/-/extendable-media-recorder-wav-encoder-worker-8.0.73.tgz",
      "integrity": "sha512-8M7JB4ttHFCqUsf6l6kEl01BoI8v8mCjCOTLmHudQ2HLdL3EEFGaCptN357NDkgQbdEMPooN8KRIUelPYEkMiA==",
      "requires": {
        "@babel/runtime": "^7.20.6",
        "tslib": "^2.4.1",
        "worker-factory": "^6.0.73"
      }
    },
    "fast-unique-numbers": {
      "version": "6.0.25",
      "resolved": "https://registry.npmjs.org/fast-unique-numbers/-/fast-unique-numbers-6.0.25.tgz",
      "integrity": "sha512-H9tmI58i2VEyreK3VhCQaSAyUN733LMzhXnOcdxVWVaQIFWtoaM9pORi7h9DUgRPx6DiyvXiSb1v8MqBcfiPhg==",
      "requires": {
        "@babel/runtime": "^7.20.6",
        "tslib": "^2.4.1"
      }
    },
    "indefinite-article": {
      "version": "0.0.2",
      "resolved": "https://registry.npmjs.org/indefinite-article/-/indefinite-article-0.0.2.tgz",
      "integrity": "sha512-Au/2XzRkvxq2J6w5uvSSbBKPZ5kzINx5F2wb0SF8xpRL8BP9Lav81TnRbfPp6p+SYjYxwaaLn4EUwI3/MmYKSw=="
    },
    "media-encoder-host": {
      "version": "8.0.82",
      "resolved": "https://registry.npmjs.org/media-encoder-host/-/media-encoder-host-8.0.82.tgz",
      "integrity": "sha512-wuHc9nve+VE9DInB+W1JGFNFyv6tkPS6dGvTf2mKCJs28aX2WhpEpubq87m8MQAZoMkUsbmLPSm3d1wqsDd7Sw==",
      "requires": {
        "@babel/runtime": "^7.20.6",
        "media-encoder-host-broker": "^7.0.74",
        "media-encoder-host-worker": "^9.0.74",
        "tslib": "^2.4.1"
      }
    },
    "media-encoder-host-broker": {
      "version": "7.0.74",
      "resolved": "https://registry.npmjs.org/media-encoder-host-broker/-/media-encoder-host-broker-7.0.74.tgz",
      "integrity": "sha512-r1WlGo9ztAxoRNNAGO5KCbaJ2J870SdJLDkzsSRlGnhZeVAhM7SYqEiBXf5KFEp+wqQF4FOUf9Pvud1KPqN0Lw==",
      "requires": {
        "@babel/runtime": "^7.20.6",
        "broker-factory": "^3.0.72",
        "fast-unique-numbers": "^6.0.25",
        "media-encoder-host-worker": "^9.0.74",
        "tslib": "^2.4.1"
      }
    },
    "media-encoder-host-worker": {
      "version": "9.0.74",
      "resolved": "https://registry.npmjs.org/media-encoder-host-worker/-/media-encoder-host-worker-9.0.74.tgz",
      "integrity": "sha512-XQ22w1URKnmKAKupHavNCJtQbjDQRv5ChLK27FnfMntcIn1hlF2DL5b1J1I7M+kYCCtU6GD1eOtonL3m4LCSzw==",
      "requires": {
        "@babel/runtime": "^7.20.6",
        "extendable-media-recorder-wav-encoder-broker": "^7.0.74",
        "tslib": "^2.4.1",
        "worker-factory": "^6.0.73"
      }
    },
    "multi-buffer-data-view": {
      "version": "3.0.24",
      "resolved": "https://registry.npmjs.org/multi-buffer-data-view/-/multi-buffer-data-view-3.0.24.tgz",
      "integrity": "sha512-jm7Ycplx37ExXyQmqhwl7zfQmAj81y5LLzVx0XyWea4omP9W/xJhLEHs/5b+WojGyYSRt8BHiXZVcYzu68Ma0Q==",
      "requires": {
        "@babel/runtime": "^7.20.6",
        "tslib": "^2.4.1"
      }
    },
    "react-media-recorder": {
      "version": "1.6.6",
      "resolved": "https://registry.npmjs.org/react-media-recorder/-/react-media-recorder-1.6.6.tgz",
      "integrity": "sha512-VdC4bUINMWJyqOAHw1DaZ8HZhdCyVBK85zJ4cHMo9tsrekui3wq5ZxNtBmNe6nbAFQBTNj/pRnLEsiVrCW+TNQ==",
      "requires": {
        "extendable-media-recorder": "^6.6.5",
        "extendable-media-recorder-wav-encoder": "^7.0.68"
      }
    },
    "recorder-audio-worklet": {
      "version": "5.1.34",
      "resolved": "https://registry.npmjs.org/recorder-audio-worklet/-/recorder-audio-worklet-5.1.34.tgz",
      "integrity": "sha512-7nP2Xv7e8WpJ5qFYPw+Jwv5Xwz2CT39esFnrWWBaATrtiD6/gMmu7++ZTqjeI3v7VVewPiUMUIs9y6kj1sLbfw==",
      "requires": {
        "@babel/runtime": "^7.20.6",
        "broker-factory": "^3.0.72",
        "fast-unique-numbers": "^6.0.25",
        "recorder-audio-worklet-processor": "^4.2.18",
        "standardized-audio-context": "^25.3.36",
        "subscribable-things": "^2.1.11",
        "tslib": "^2.4.1",
        "worker-factory": "^6.0.73"
      }
    },
    "recorder-audio-worklet-processor": {
      "version": "4.2.18",
      "resolved": "https://registry.npmjs.org/recorder-audio-worklet-processor/-/recorder-audio-worklet-processor-4.2.18.tgz",
      "integrity": "sha512-rL4WErQfKGlFL5Zk1g6G92sNEciumGEKcsObmQJ3Nqt9RXvud72LFpW+OjzmT5dafUwtT4gPnD/5YngqIQe67w==",
      "requires": {
        "@babel/runtime": "^7.20.6",
        "tslib": "^2.4.1"
      }
    },
    "regenerator-runtime": {
      "version": "0.13.11",
      "resolved": "https://registry.npmjs.org/regenerator-runtime/-/regenerator-runtime-0.13.11.tgz",
      "integrity": "sha512-kY1AZVr2Ra+t+piVaJ4gxaFaReZVH40AKNo7UCX6W+dEwBo/2oZJzqfuN1qLq1oL45o56cPaTXELwrTh8Fpggg=="
    },
    "rxjs-interop": {
      "version": "2.0.0",
      "resolved": "https://registry.npmjs.org/rxjs-interop/-/rxjs-interop-2.0.0.tgz",
      "integrity": "sha512-ASEq9atUw7lualXB+knvgtvwkCEvGWV2gDD/8qnASzBkzEARZck9JAyxmY8OS6Nc1pCPEgDTKNcx+YqqYfzArw=="
    },
    "standardized-audio-context": {
      "version": "25.3.36",
      "resolved": "https://registry.npmjs.org/standardized-audio-context/-/standardized-audio-context-25.3.36.tgz",
      "integrity": "sha512-I3+jpIQP2PdGDrAx9Cf4/atC92PbJt+ejLUA/mwBx3OgyEStKC57D/wTce2K3PeJBbXJ0w//I99PZTBJrpxg/A==",
      "requires": {
        "@babel/runtime": "^7.20.6",
        "automation-events": "^4.0.25",
        "tslib": "^2.4.1"
      }
    },
    "subscribable-things": {
      "version": "2.1.11",
      "resolved": "https://registry.npmjs.org/subscribable-things/-/subscribable-things-2.1.11.tgz",
      "integrity": "sha512-Bxjb818jzmbUyq1Kq+yGma1xPYJnTAPksJKd7nEbth2teMgQUnah4FOMhpjfonp1k5WASd/JwzXn3OhvqYQnbQ==",
      "requires": {
        "@babel/runtime": "^7.20.6",
        "rxjs-interop": "^2.0.0",
        "tslib": "^2.4.1"
      }
    },
    "tslib": {
      "version": "2.4.1",
      "resolved": "https://registry.npmjs.org/tslib/-/tslib-2.4.1.tgz",
      "integrity": "sha512-tGyy4dAjRIEwI7BzsB0lynWgOpfqjUdq91XXAlIWD2OwKBH7oCl/GZG/HT4BOHrTlPMOASlMQ7veyTqpmRcrNA=="
    },
    "worker-factory": {
      "version": "6.0.73",
      "resolved": "https://registry.npmjs.org/worker-factory/-/worker-factory-6.0.73.tgz",
      "integrity": "sha512-DSUmbHD1R7sdGTPcTooSQWN9q+vZnj4Axn6s9bel9xBqilLtnnHxfm/IrwyS06FV11v7NSkSh+0Wfsv4sWHbow==",
      "requires": {
        "@babel/runtime": "^7.20.6",
        "compilerr": "^9.0.25",
        "fast-unique-numbers": "^6.0.25",
        "tslib": "^2.4.1"
      }
    }
  }
}
